
Microsoft Visual Studio Solution File, Format Version 12.00
# Visual Studio Version 16
VisualStudioVersion = 16.0.30413.136
MinimumVisualStudioVersion = 10.0.40219.1
Project("{FAE04EC0-301F-11D3-BF4B-00C04F79EFBC}") = "CheckBase64", "CheckBase64.csproj", "{F88F5D15-44AA-46B8-9128-0AAA808A4201}"
EndProject
Global
	GlobalSection(SolutionConfigurationPlatforms) = preSolution
		Debug|Any CPU = Debug|Any CPU
		Release|Any CPU = Release|Any CPU
	EndGlobalSection
	GlobalSection(ProjectConfigurationPlatforms) = postSolution
		{F88F5D15-44AA-46B8-9128-0AAA808A4201}.Debug|Any CPU.ActiveCfg = Debug|Any CPU
		{F88F5D15-44AA-46B8-9128-0AAA808A4201}.Debug|Any CPU.Build.0 = Debug|Any CPU
		{F88F5D15-44AA-46B8-9128-0AAA808A4201}.Release|Any CPU.ActiveCfg = Release|Any CPU
		{F88F5D15-44AA-46B8-9128-0AAA808A4201}.Release|Any CPU.Build.0 = Release|Any CPU
	EndGlobalSection
	GlobalSection(SolutionProperties) = preSolution
		HideSolutionNode = FALSE
	EndGlobalSection
	GlobalSection(ExtensibilityGlobals) = postSolution
		SolutionGuid = {2B4E6F80-4FA7-497D-976B-D03F99CA47DA}
	EndGlobalSection
EndGlobal
